{
    "_readme": [
        "This file locks the dependencies of your project to a known state",
        "Read more about it at https://getcomposer.org/doc/01-basic-usage.md#installing-dependencies",
        "This file is @generated automatically"
    ],
    "content-hash": "c1eb6d0f5935401fe87d21f4899f12fa",
    "packages": [
        {
            "name": "twarimitswe-aaron/gatekeeper-cdr",
            "version": "dev-main",
            "dist": {
                "type": "path",
                "url": "../../gatekeeper",
                "reference": "bfb7d6d673749736384b230037463e27a6e4272d"
            },
            "require": {
                "ext-ffi": "*",
                "php": ">=8.1"
            },
            "type": "library",
            "extra": {
                "gatekeeper": {
                    "description": "This package relies on the native Gatekeeper CDR Rust extension. See https://github.com/Twarimitswe-Aaron/gatekeeper-cdr for installation instructions."
                }
            },
            "autoload": {
                "psr-4": {
                    "Gatekeeper\\": "src/"
                }
            },
            "license": [
                "AGPL-3.0-only"
            ],
            "authors": [
                {
                    "name": "Twarimitswe Aaron",
                    "role": "Developer"
                }
            ],
            "description": "A zero-trust Content Disarm and Reconstruction (CDR) engine for multi-format file sanitisation.",
            "keywords": [
                "cdr",
                "ffi",
                "gatekeeper",
                "image",
                "sanitization",
                "security",
                "zero-copy"
            ],
            "transport-options": {
                "relative": true
            }
        }
    ],
    "packages-dev": [],
    "aliases": [],
    "minimum-stability": "stable",
    "stability-flags": {
        "twarimitswe-aaron/gatekeeper-cdr": 20
    },
    "prefer-stable": false,
    "prefer-lowest": false,
    "platform": {},
    "platform-dev": {},
    "plugin-api-version": "2.9.0"
}
