{
    "_readme": [
        "This file locks the dependencies of your project to a known state",
        "Read more about it at https://getcomposer.org/doc/01-basic-usage.md#installing-dependencies",
        "This file is @generated automatically"
    ],
    "content-hash": "ea1272efc138beb21d66ff30cd966b92",
    "packages": [
        {
            "name": "twarimitswe-aaron/gatekeeper-cdr",
            "version": "dev-main",
            "source": {
                "type": "git",
                "url": "https://github.com/Twarimitswe-Aaron/gatekeeper-cdr.git",
                "reference": "6c2965145cbe17a54bb84eb604590f25b1f1f0e0"
            },
            "dist": {
                "type": "zip",
                "url": "https://api.github.com/repos/Twarimitswe-Aaron/gatekeeper-cdr/zipball/6c2965145cbe17a54bb84eb604590f25b1f1f0e0",
                "reference": "6c2965145cbe17a54bb84eb604590f25b1f1f0e0",
                "shasum": ""
            },
            "require": {
                "ext-ffi": "*",
                "php": ">=8.1"
            },
            "default-branch": true,
            "type": "library",
            "extra": {
                "gatekeeper": {
                    "description": "This package relies on the native Gatekeeper CDR Rust extension. See https://github.com/Twarimitswe-Aaron/gatekeeper-cdr for installation instructions."
                }
            },
            "autoload": {
                "psr-4": {
                    "Gatekeeper\\": "src/"
                }
            },
            "notification-url": "https://packagist.org/downloads/",
            "license": [
                "AGPL-3.0-only"
            ],
            "authors": [
                {
                    "name": "Twarimitswe Aaron",
                    "role": "Developer"
                }
            ],
            "description": "A zero-trust Content Disarm and Reconstruction (CDR) engine for multi-format file sanitisation.",
            "keywords": [
                "cdr",
                "ffi",
                "gatekeeper",
                "image",
                "sanitization",
                "security",
                "zero-copy"
            ],
            "support": {
                "issues": "https://github.com/Twarimitswe-Aaron/gatekeeper-cdr/issues",
                "source": "https://github.com/Twarimitswe-Aaron/gatekeeper-cdr/tree/main"
            },
            "time": "2026-06-24T15:58:41+00:00"
        }
    ],
    "packages-dev": [],
    "aliases": [],
    "minimum-stability": "stable",
    "stability-flags": {
        "twarimitswe-aaron/gatekeeper-cdr": 20
    },
    "prefer-stable": false,
    "prefer-lowest": false,
    "platform": {},
    "platform-dev": {},
    "plugin-api-version": "2.9.0"
}
